# This file is autogenerated, do not edit; changes may be undone by the next 'dep ensure'.


[[projects]]
  branch = "master"
  name = "github.com/axgle/mahonia"
  packages = ["."]
  revision = "3358181d7394e26beccfae0ffde05193ef3be33a"

[[projects]]
  branch = "master"
  name = "github.com/guotie/gogb2312"
  packages = ["."]
  revision = "a052a05f3e7eee704c1da5c5498a5e5718a97b1f"

[[projects]]
  branch = "master"
  name = "github.com/opesun/goquery"
  packages = [
    ".",
    "exp/html",
    "exp/html/atom"
  ]
  revision = "0d77e43213cdea88ecac8dd5fbdf10890e373035"

[solve-meta]
  analyzer-name = "dep"
  analyzer-version = 1
  inputs-digest = "68dcd2284fbacc91aa15f077c60438cb06a271601680fb739a1b36c1f42712c7"
  solver-name = "gps-cdcl"
  solver-version = 1
